
Microsoft Visual Studio Solution File, Format Version 12.00
# Visual Studio Version 17
VisualStudioVersion = 17.10.34928.147
MinimumVisualStudioVersion = 10.0.40219.1
Project("{FAE04EC0-301F-11D3-BF4B-00C04F79EFBC}") = "szem1", "szem1.csproj", "{61F50479-94C3-4B69-9681-812371A31CCE}"
EndProject
Global
	GlobalSection(SolutionConfigurationPlatforms) = preSolution
		Debug|Any CPU = Debug|Any CPU
		Release|Any CPU = Release|Any CPU
	EndGlobalSection
	GlobalSection(ProjectConfigurationPlatforms) = postSolution
		{61F50479-94C3-4B69-9681-812371A31CCE}.Debug|Any CPU.ActiveCfg = Debug|Any CPU
		{61F50479-94C3-4B69-9681-812371A31CCE}.Debug|Any CPU.Build.0 = Debug|Any CPU
		{61F50479-94C3-4B69-9681-812371A31CCE}.Release|Any CPU.ActiveCfg = Release|Any CPU
		{61F50479-94C3-4B69-9681-812371A31CCE}.Release|Any CPU.Build.0 = Release|Any CPU
	EndGlobalSection
	GlobalSection(SolutionProperties) = preSolution
		HideSolutionNode = FALSE
	EndGlobalSection
	GlobalSection(ExtensibilityGlobals) = postSolution
		SolutionGuid = {FFDFCD27-30B5-4456-B860-2FFC4245D753}
	EndGlobalSection
EndGlobal
